{
  "version": 4,
  "terraform_version": "1.0.11",
  "serial": 524,
  "lineage": "26885541-0797-5ca8-5c81-521633e94e08",
  "outputs": {},
  "resources": [
    {
      "mode": "managed",
      "type": "aws_s3_bucket",
      "name": "infosys",
      "provider": "provider[\"registry.terraform.io/hashicorp/aws\"]",
      "instances": [
        {
          "schema_version": 0,
          "attributes": {
            "acceleration_status": "",
            "acl": "private",
            "arn": "arn:aws:s3:::infosysbucket",
            "bucket": "infosysbucket",
            "bucket_domain_name": "infosysbucket.s3.amazonaws.com",
            "bucket_prefix": null,
            "bucket_regional_domain_name": "infosysbucket.s3.amazonaws.com",
            "cors_rule": [],
            "force_destroy": false,
            "grant": [],
            "hosted_zone_id": "Z3AQBSTGFYJSTF",
            "id": "infosysbucket",
            "lifecycle_rule": [],
            "logging": [],
            "object_lock_configuration": [],
            "policy": null,
            "region": "us-east-1",
            "replication_configuration": [],
            "request_payer": "BucketOwner",
            "server_side_encryption_configuration": [],
            "tags": {
              "Name": "infosys",
              "Owner": "InfraTeam"
            },
            "tags_all": {
              "Name": "infosys",
              "Owner": "InfraTeam"
            },
            "versioning": [
              {
                "enabled": false,
                "mfa_delete": false
              }
            ],
            "website": [],
            "website_domain": null,
            "website_endpoint": null
          },
          "sensitive_attributes": [],
          "private": "bnVsbA=="
        }
      ]
    },
    {
      "mode": "managed",
      "type": "aws_s3_bucket_object",
      "name": "website_files",
      "provider": "provider[\"registry.terraform.io/hashicorp/aws\"]",
      "instances": [
        {
          "index_key": "assets/css/fontawesome-all.min.css",
          "schema_version": 0,
          "attributes": {
            "acl": "private",
            "bucket": "infosysbucket",
            "bucket_key_enabled": false,
            "cache_control": "",
            "content": null,
            "content_base64": null,
            "content_disposition": "",
            "content_encoding": "",
            "content_language": "",
            "content_type": "binary/octet-stream",
            "etag": "d4f9c4f5b1fd62ff525efda45d82db52",
            "force_destroy": false,
            "id": "assets/css/fontawesome-all.min.css",
            "key": "assets/css/fontawesome-all.min.css",
            "kms_key_id": null,
            "metadata": null,
            "object_lock_legal_hold_status": "",
            "object_lock_mode": "",
            "object_lock_retain_until_date": "",
            "server_side_encryption": "",
            "source": "folder/assets/css/fontawesome-all.min.css",
            "source_hash": null,
            "storage_class": "STANDARD",
            "tags": null,
            "tags_all": {},
            "version_id": "",
            "website_redirect": ""
          },
          "sensitive_attributes": [],
          "private": "bnVsbA==",
          "dependencies": [
            "aws_s3_bucket.infosys"
          ]
        },
        {
          "index_key": "assets/css/main.css",
          "schema_version": 0,
          "attributes": {
            "acl": "private",
            "bucket": "infosysbucket",
            "bucket_key_enabled": false,
            "cache_control": "",
            "content": null,
            "content_base64": null,
            "content_disposition": "",
            "content_encoding": "",
            "content_language": "",
            "content_type": "binary/octet-stream",
            "etag": "461377ac25ff0b01aec749e7c7e1a683",
            "force_destroy": false,
            "id": "assets/css/main.css",
            "key": "assets/css/main.css",
            "kms_key_id": null,
            "metadata": null,
            "object_lock_legal_hold_status": "",
            "object_lock_mode": "",
            "object_lock_retain_until_date": "",
            "server_side_encryption": "",
            "source": "folder/assets/css/main.css",
            "source_hash": null,
            "storage_class": "STANDARD",
            "tags": null,
            "tags_all": {},
            "version_id": "",
            "website_redirect": ""
          },
          "sensitive_attributes": [],
          "private": "bnVsbA==",
          "dependencies": [
            "aws_s3_bucket.infosys"
          ]
        },
        {
          "index_key": "assets/css/noscript.css",
          "schema_version": 0,
          "attributes": {
            "acl": "private",
            "bucket": "infosysbucket",
            "bucket_key_enabled": false,
            "cache_control": "",
            "content": null,
            "content_base64": null,
            "content_disposition": "",
            "content_encoding": "",
            "content_language": "",
            "content_type": "binary/octet-stream",
            "etag": "57d97afabb6b828b64e23d4532e02cf6",
            "force_destroy": false,
            "id": "assets/css/noscript.css",
            "key": "assets/css/noscript.css",
            "kms_key_id": null,
            "metadata": null,
            "object_lock_legal_hold_status": "",
            "object_lock_mode": "",
            "object_lock_retain_until_date": "",
            "server_side_encryption": "",
            "source": "folder/assets/css/noscript.css",
            "source_hash": null,
            "storage_class": "STANDARD",
            "tags": null,
            "tags_all": {},
            "version_id": "",
            "website_redirect": ""
          },
          "sensitive_attributes": [],
          "private": "bnVsbA==",
          "dependencies": [
            "aws_s3_bucket.infosys"
          ]
        },
        {
          "index_key": "assets/js/breakpoints.min.js",
          "schema_version": 0,
          "attributes": {
            "acl": "private",
            "bucket": "infosysbucket",
            "bucket_key_enabled": false,
            "cache_control": "",
            "content": null,
            "content_base64": null,
            "content_disposition": "",
            "content_encoding": "",
            "content_language": "",
            "content_type": "binary/octet-stream",
            "etag": "d3022c8af7963ec46aa3692f5948a1ba",
            "force_destroy": false,
            "id": "assets/js/breakpoints.min.js",
            "key": "assets/js/breakpoints.min.js",
            "kms_key_id": null,
            "metadata": null,
            "object_lock_legal_hold_status": "",
            "object_lock_mode": "",
            "object_lock_retain_until_date": "",
            "server_side_encryption": "",
            "source": "folder/assets/js/breakpoints.min.js",
            "source_hash": null,
            "storage_class": "STANDARD",
            "tags": null,
            "tags_all": {},
            "version_id": "",
            "website_redirect": ""
          },
          "sensitive_attributes": [],
          "private": "bnVsbA==",
          "dependencies": [
            "aws_s3_bucket.infosys"
          ]
        },
        {
          "index_key": "assets/js/browser.min.js",
          "schema_version": 0,
          "attributes": {
            "acl": "private",
            "bucket": "infosysbucket",
            "bucket_key_enabled": false,
            "cache_control": "",
            "content": null,
            "content_base64": null,
            "content_disposition": "",
            "content_encoding": "",
            "content_language": "",
            "content_type": "binary/octet-stream",
            "etag": "4ebb0929ae5211dcb31336073eba2432",
            "force_destroy": false,
            "id": "assets/js/browser.min.js",
            "key": "assets/js/browser.min.js",
            "kms_key_id": null,
            "metadata": null,
            "object_lock_legal_hold_status": "",
            "object_lock_mode": "",
            "object_lock_retain_until_date": "",
            "server_side_encryption": "",
            "source": "folder/assets/js/browser.min.js",
            "source_hash": null,
            "storage_class": "STANDARD",
            "tags": null,
            "tags_all": {},
            "version_id": "",
            "website_redirect": ""
          },
          "sensitive_attributes": [],
          "private": "bnVsbA==",
          "dependencies": [
            "aws_s3_bucket.infosys"
          ]
        },
        {
          "index_key": "assets/js/jquery.min.js",
          "schema_version": 0,
          "attributes": {
            "acl": "private",
            "bucket": "infosysbucket",
            "bucket_key_enabled": false,
            "cache_control": "",
            "content": null,
            "content_base64": null,
            "content_disposition": "",
            "content_encoding": "",
            "content_language": "",
            "content_type": "binary/octet-stream",
            "etag": "a6b6350ee94a3ea74595c065cbf58af0",
            "force_destroy": false,
            "id": "assets/js/jquery.min.js",
            "key": "assets/js/jquery.min.js",
            "kms_key_id": null,
            "metadata": null,
            "object_lock_legal_hold_status": "",
            "object_lock_mode": "",
            "object_lock_retain_until_date": "",
            "server_side_encryption": "",
            "source": "folder/assets/js/jquery.min.js",
            "source_hash": null,
            "storage_class": "STANDARD",
            "tags": null,
            "tags_all": {},
            "version_id": "",
            "website_redirect": ""
          },
          "sensitive_attributes": [],
          "private": "bnVsbA==",
          "dependencies": [
            "aws_s3_bucket.infosys"
          ]
        },
        {
          "index_key": "assets/js/main.js",
          "schema_version": 0,
          "attributes": {
            "acl": "private",
            "bucket": "infosysbucket",
            "bucket_key_enabled": false,
            "cache_control": "",
            "content": null,
            "content_base64": null,
            "content_disposition": "",
            "content_encoding": "",
            "content_language": "",
            "content_type": "binary/octet-stream",
            "etag": "6a2da38836c1fda15a76bafd8814e0f8",
            "force_destroy": false,
            "id": "assets/js/main.js",
            "key": "assets/js/main.js",
            "kms_key_id": null,
            "metadata": null,
            "object_lock_legal_hold_status": "",
            "object_lock_mode": "",
            "object_lock_retain_until_date": "",
            "server_side_encryption": "",
            "source": "folder/assets/js/main.js",
            "source_hash": null,
            "storage_class": "STANDARD",
            "tags": null,
            "tags_all": {},
            "version_id": "",
            "website_redirect": ""
          },
          "sensitive_attributes": [],
          "private": "bnVsbA==",
          "dependencies": [
            "aws_s3_bucket.infosys"
          ]
        },
        {
          "index_key": "assets/js/util.js",
          "schema_version": 0,
          "attributes": {
            "acl": "private",
            "bucket": "infosysbucket",
            "bucket_key_enabled": false,
            "cache_control": "",
            "content": null,
            "content_base64": null,
            "content_disposition": "",
            "content_encoding": "",
            "content_language": "",
            "content_type": "binary/octet-stream",
            "etag": "fd2716a7b68ce7748c9676787b61db43",
            "force_destroy": false,
            "id": "assets/js/util.js",
            "key": "assets/js/util.js",
            "kms_key_id": null,
            "metadata": null,
            "object_lock_legal_hold_status": "",
            "object_lock_mode": "",
            "object_lock_retain_until_date": "",
            "server_side_encryption": "",
            "source": "folder/assets/js/util.js",
            "source_hash": null,
            "storage_class": "STANDARD",
            "tags": null,
            "tags_all": {},
            "version_id": "",
            "website_redirect": ""
          },
          "sensitive_attributes": [],
          "private": "bnVsbA==",
          "dependencies": [
            "aws_s3_bucket.infosys"
          ]
        },
        {
          "index_key": "assets/sass/base/_page.scss",
          "schema_version": 0,
          "attributes": {
            "acl": "private",
            "bucket": "infosysbucket",
            "bucket_key_enabled": false,
            "cache_control": "",
            "content": null,
            "content_base64": null,
            "content_disposition": "",
            "content_encoding": "",
            "content_language": "",
            "content_type": "binary/octet-stream",
            "etag": "3123c003fca34a103642cc4d19ebc764",
            "force_destroy": false,
            "id": "assets/sass/base/_page.scss",
            "key": "assets/sass/base/_page.scss",
            "kms_key_id": null,
            "metadata": null,
            "object_lock_legal_hold_status": "",
            "object_lock_mode": "",
            "object_lock_retain_until_date": "",
            "server_side_encryption": "",
            "source": "folder/assets/sass/base/_page.scss",
            "source_hash": null,
            "storage_class": "STANDARD",
            "tags": null,
            "tags_all": {},
            "version_id": "",
            "website_redirect": ""
          },
          "sensitive_attributes": [],
          "private": "bnVsbA==",
          "dependencies": [
            "aws_s3_bucket.infosys"
          ]
        },
        {
          "index_key": "assets/sass/base/_reset.scss",
          "schema_version": 0,
          "attributes": {
            "acl": "private",
            "bucket": "infosysbucket",
            "bucket_key_enabled": false,
            "cache_control": "",
            "content": null,
            "content_base64": null,
            "content_disposition": "",
            "content_encoding": "",
            "content_language": "",
            "content_type": "binary/octet-stream",
            "etag": "1b2b9ca14d86d60af657b9b521a16c1f",
            "force_destroy": false,
            "id": "assets/sass/base/_reset.scss",
            "key": "assets/sass/base/_reset.scss",
            "kms_key_id": null,
            "metadata": null,
            "object_lock_legal_hold_status": "",
            "object_lock_mode": "",
            "object_lock_retain_until_date": "",
            "server_side_encryption": "",
            "source": "folder/assets/sass/base/_reset.scss",
            "source_hash": null,
            "storage_class": "STANDARD",
            "tags": null,
            "tags_all": {},
            "version_id": "",
            "website_redirect": ""
          },
          "sensitive_attributes": [],
          "private": "bnVsbA==",
          "dependencies": [
            "aws_s3_bucket.infosys"
          ]
        },
        {
          "index_key": "assets/sass/base/_typography.scss",
          "schema_version": 0,
          "attributes": {
            "acl": "private",
            "bucket": "infosysbucket",
            "bucket_key_enabled": false,
            "cache_control": "",
            "content": null,
            "content_base64": null,
            "content_disposition": "",
            "content_encoding": "",
            "content_language": "",
            "content_type": "binary/octet-stream",
            "etag": "0dc00028465b516bc61f81a9b7a40351",
            "force_destroy": false,
            "id": "assets/sass/base/_typography.scss",
            "key": "assets/sass/base/_typography.scss",
            "kms_key_id": null,
            "metadata": null,
            "object_lock_legal_hold_status": "",
            "object_lock_mode": "",
            "object_lock_retain_until_date": "",
            "server_side_encryption": "",
            "source": "folder/assets/sass/base/_typography.scss",
            "source_hash": null,
            "storage_class": "STANDARD",
            "tags": null,
            "tags_all": {},
            "version_id": "",
            "website_redirect": ""
          },
          "sensitive_attributes": [],
          "private": "bnVsbA==",
          "dependencies": [
            "aws_s3_bucket.infosys"
          ]
        },
        {
          "index_key": "assets/sass/components/_actions.scss",
          "schema_version": 0,
          "attributes": {
            "acl": "private",
            "bucket": "infosysbucket",
            "bucket_key_enabled": false,
            "cache_control": "",
            "content": null,
            "content_base64": null,
            "content_disposition": "",
            "content_encoding": "",
            "content_language": "",
            "content_type": "binary/octet-stream",
            "etag": "192f339f96ea749b78b3a5741a62c1d5",
            "force_destroy": false,
            "id": "assets/sass/components/_actions.scss",
            "key": "assets/sass/components/_actions.scss",
            "kms_key_id": null,
            "metadata": null,
            "object_lock_legal_hold_status": "",
            "object_lock_mode": "",
            "object_lock_retain_until_date": "",
            "server_side_encryption": "",
            "source": "folder/assets/sass/components/_actions.scss",
            "source_hash": null,
            "storage_class": "STANDARD",
            "tags": null,
            "tags_all": {},
            "version_id": "",
            "website_redirect": ""
          },
          "sensitive_attributes": [],
          "private": "bnVsbA==",
          "dependencies": [
            "aws_s3_bucket.infosys"
          ]
        },
        {
          "index_key": "assets/sass/components/_box.scss",
          "schema_version": 0,
          "attributes": {
            "acl": "private",
            "bucket": "infosysbucket",
            "bucket_key_enabled": false,
            "cache_control": "",
            "content": null,
            "content_base64": null,
            "content_disposition": "",
            "content_encoding": "",
            "content_language": "",
            "content_type": "binary/octet-stream",
            "etag": "aceb8ac68571fbdf12ff2b25fa11ad79",
            "force_destroy": false,
            "id": "assets/sass/components/_box.scss",
            "key": "assets/sass/components/_box.scss",
            "kms_key_id": null,
            "metadata": null,
            "object_lock_legal_hold_status": "",
            "object_lock_mode": "",
            "object_lock_retain_until_date": "",
            "server_side_encryption": "",
            "source": "folder/assets/sass/components/_box.scss",
            "source_hash": null,
            "storage_class": "STANDARD",
            "tags": null,
            "tags_all": {},
            "version_id": "",
            "website_redirect": ""
          },
          "sensitive_attributes": [],
          "private": "bnVsbA==",
          "dependencies": [
            "aws_s3_bucket.infosys"
          ]
        },
        {
          "index_key": "assets/sass/components/_button.scss",
          "schema_version": 0,
          "attributes": {
            "acl": "private",
            "bucket": "infosysbucket",
            "bucket_key_enabled": false,
            "cache_control": "",
            "content": null,
            "content_base64": null,
            "content_disposition": "",
            "content_encoding": "",
            "content_language": "",
            "content_type": "binary/octet-stream",
            "etag": "e8489555868d7c7072e9821e516bd52c",
            "force_destroy": false,
            "id": "assets/sass/components/_button.scss",
            "key": "assets/sass/components/_button.scss",
            "kms_key_id": null,
            "metadata": null,
            "object_lock_legal_hold_status": "",
            "object_lock_mode": "",
            "object_lock_retain_until_date": "",
            "server_side_encryption": "",
            "source": "folder/assets/sass/components/_button.scss",
            "source_hash": null,
            "storage_class": "STANDARD",
            "tags": null,
            "tags_all": {},
            "version_id": "",
            "website_redirect": ""
          },
          "sensitive_attributes": [],
          "private": "bnVsbA==",
          "dependencies": [
            "aws_s3_bucket.infosys"
          ]
        },
        {
          "index_key": "assets/sass/components/_form.scss",
          "schema_version": 0,
          "attributes": {
            "acl": "private",
            "bucket": "infosysbucket",
            "bucket_key_enabled": false,
            "cache_control": "",
            "content": null,
            "content_base64": null,
            "content_disposition": "",
            "content_encoding": "",
            "content_language": "",
            "content_type": "binary/octet-stream",
            "etag": "a61e3d82ba0526cae2ff8ca641e48e1c",
            "force_destroy": false,
            "id": "assets/sass/components/_form.scss",
            "key": "assets/sass/components/_form.scss",
            "kms_key_id": null,
            "metadata": null,
            "object_lock_legal_hold_status": "",
            "object_lock_mode": "",
            "object_lock_retain_until_date": "",
            "server_side_encryption": "",
            "source": "folder/assets/sass/components/_form.scss",
            "source_hash": null,
            "storage_class": "STANDARD",
            "tags": null,
            "tags_all": {},
            "version_id": "",
            "website_redirect": ""
          },
          "sensitive_attributes": [],
          "private": "bnVsbA==",
          "dependencies": [
            "aws_s3_bucket.infosys"
          ]
        },
        {
          "index_key": "assets/sass/components/_icon.scss",
          "schema_version": 0,
          "attributes": {
            "acl": "private",
            "bucket": "infosysbucket",
            "bucket_key_enabled": false,
            "cache_control": "",
            "content": null,
            "content_base64": null,
            "content_disposition": "",
            "content_encoding": "",
            "content_language": "",
            "content_type": "binary/octet-stream",
            "etag": "3c2b7bc4bc6e88f447daa264207466b3",
            "force_destroy": false,
            "id": "assets/sass/components/_icon.scss",
            "key": "assets/sass/components/_icon.scss",
            "kms_key_id": null,
            "metadata": null,
            "object_lock_legal_hold_status": "",
            "object_lock_mode": "",
            "object_lock_retain_until_date": "",
            "server_side_encryption": "",
            "source": "folder/assets/sass/components/_icon.scss",
            "source_hash": null,
            "storage_class": "STANDARD",
            "tags": null,
            "tags_all": {},
            "version_id": "",
            "website_redirect": ""
          },
          "sensitive_attributes": [],
          "private": "bnVsbA==",
          "dependencies": [
            "aws_s3_bucket.infosys"
          ]
        },
        {
          "index_key": "assets/sass/components/_icons.scss",
          "schema_version": 0,
          "attributes": {
            "acl": "private",
            "bucket": "infosysbucket",
            "bucket_key_enabled": false,
            "cache_control": "",
            "content": null,
            "content_base64": null,
            "content_disposition": "",
            "content_encoding": "",
            "content_language": "",
            "content_type": "binary/octet-stream",
            "etag": "48f5c927d71c5c167920a7694e057920",
            "force_destroy": false,
            "id": "assets/sass/components/_icons.scss",
            "key": "assets/sass/components/_icons.scss",
            "kms_key_id": null,
            "metadata": null,
            "object_lock_legal_hold_status": "",
            "object_lock_mode": "",
            "object_lock_retain_until_date": "",
            "server_side_encryption": "",
            "source": "folder/assets/sass/components/_icons.scss",
            "source_hash": null,
            "storage_class": "STANDARD",
            "tags": null,
            "tags_all": {},
            "version_id": "",
            "website_redirect": ""
          },
          "sensitive_attributes": [],
          "private": "bnVsbA==",
          "dependencies": [
            "aws_s3_bucket.infosys"
          ]
        },
        {
          "index_key": "assets/sass/components/_image.scss",
          "schema_version": 0,
          "attributes": {
            "acl": "private",
            "bucket": "infosysbucket",
            "bucket_key_enabled": false,
            "cache_control": "",
            "content": null,
            "content_base64": null,
            "content_disposition": "",
            "content_encoding": "",
            "content_language": "",
            "content_type": "binary/octet-stream",
            "etag": "8dc68828ea9576a9873df7debacb51fd",
            "force_destroy": false,
            "id": "assets/sass/components/_image.scss",
            "key": "assets/sass/components/_image.scss",
            "kms_key_id": null,
            "metadata": null,
            "object_lock_legal_hold_status": "",
            "object_lock_mode": "",
            "object_lock_retain_until_date": "",
            "server_side_encryption": "",
            "source": "folder/assets/sass/components/_image.scss",
            "source_hash": null,
            "storage_class": "STANDARD",
            "tags": null,
            "tags_all": {},
            "version_id": "",
            "website_redirect": ""
          },
          "sensitive_attributes": [],
          "private": "bnVsbA==",
          "dependencies": [
            "aws_s3_bucket.infosys"
          ]
        },
        {
          "index_key": "assets/sass/components/_list.scss",
          "schema_version": 0,
          "attributes": {
            "acl": "private",
            "bucket": "infosysbucket",
            "bucket_key_enabled": false,
            "cache_control": "",
            "content": null,
            "content_base64": null,
            "content_disposition": "",
            "content_encoding": "",
            "content_language": "",
            "content_type": "binary/octet-stream",
            "etag": "19c5c0dee4925e6460aa67956194bb7b",
            "force_destroy": false,
            "id": "assets/sass/components/_list.scss",
            "key": "assets/sass/components/_list.scss",
            "kms_key_id": null,
            "metadata": null,
            "object_lock_legal_hold_status": "",
            "object_lock_mode": "",
            "object_lock_retain_until_date": "",
            "server_side_encryption": "",
            "source": "folder/assets/sass/components/_list.scss",
            "source_hash": null,
            "storage_class": "STANDARD",
            "tags": null,
            "tags_all": {},
            "version_id": "",
            "website_redirect": ""
          },
          "sensitive_attributes": [],
          "private": "bnVsbA==",
          "dependencies": [
            "aws_s3_bucket.infosys"
          ]
        },
        {
          "index_key": "assets/sass/components/_table.scss",
          "schema_version": 0,
          "attributes": {
            "acl": "private",
            "bucket": "infosysbucket",
            "bucket_key_enabled": false,
            "cache_control": "",
            "content": null,
            "content_base64": null,
            "content_disposition": "",
            "content_encoding": "",
            "content_language": "",
            "content_type": "binary/octet-stream",
            "etag": "296d5fb794fed32affa2a4878ed8c446",
            "force_destroy": false,
            "id": "assets/sass/components/_table.scss",
            "key": "assets/sass/components/_table.scss",
            "kms_key_id": null,
            "metadata": null,
            "object_lock_legal_hold_status": "",
            "object_lock_mode": "",
            "object_lock_retain_until_date": "",
            "server_side_encryption": "",
            "source": "folder/assets/sass/components/_table.scss",
            "source_hash": null,
            "storage_class": "STANDARD",
            "tags": null,
            "tags_all": {},
            "version_id": "",
            "website_redirect": ""
          },
          "sensitive_attributes": [],
          "private": "bnVsbA==",
          "dependencies": [
            "aws_s3_bucket.infosys"
          ]
        },
        {
          "index_key": "assets/sass/layout/_bg.scss",
          "schema_version": 0,
          "attributes": {
            "acl": "private",
            "bucket": "infosysbucket",
            "bucket_key_enabled": false,
            "cache_control": "",
            "content": null,
            "content_base64": null,
            "content_disposition": "",
            "content_encoding": "",
            "content_language": "",
            "content_type": "binary/octet-stream",
            "etag": "7ead69f2145d711754caa041c61ef7a4",
            "force_destroy": false,
            "id": "assets/sass/layout/_bg.scss",
            "key": "assets/sass/layout/_bg.scss",
            "kms_key_id": null,
            "metadata": null,
            "object_lock_legal_hold_status": "",
            "object_lock_mode": "",
            "object_lock_retain_until_date": "",
            "server_side_encryption": "",
            "source": "folder/assets/sass/layout/_bg.scss",
            "source_hash": null,
            "storage_class": "STANDARD",
            "tags": null,
            "tags_all": {},
            "version_id": "",
            "website_redirect": ""
          },
          "sensitive_attributes": [],
          "private": "bnVsbA==",
          "dependencies": [
            "aws_s3_bucket.infosys"
          ]
        },
        {
          "index_key": "assets/sass/layout/_footer.scss",
          "schema_version": 0,
          "attributes": {
            "acl": "private",
            "bucket": "infosysbucket",
            "bucket_key_enabled": false,
            "cache_control": "",
            "content": null,
            "content_base64": null,
            "content_disposition": "",
            "content_encoding": "",
            "content_language": "",
            "content_type": "binary/octet-stream",
            "etag": "f14ec77685692319267d7e2fe539f39e",
            "force_destroy": false,
            "id": "assets/sass/layout/_footer.scss",
            "key": "assets/sass/layout/_footer.scss",
            "kms_key_id": null,
            "metadata": null,
            "object_lock_legal_hold_status": "",
            "object_lock_mode": "",
            "object_lock_retain_until_date": "",
            "server_side_encryption": "",
            "source": "folder/assets/sass/layout/_footer.scss",
            "source_hash": null,
            "storage_class": "STANDARD",
            "tags": null,
            "tags_all": {},
            "version_id": "",
            "website_redirect": ""
          },
          "sensitive_attributes": [],
          "private": "bnVsbA==",
          "dependencies": [
            "aws_s3_bucket.infosys"
          ]
        },
        {
          "index_key": "assets/sass/layout/_header.scss",
          "schema_version": 0,
          "attributes": {
            "acl": "private",
            "bucket": "infosysbucket",
            "bucket_key_enabled": false,
            "cache_control": "",
            "content": null,
            "content_base64": null,
            "content_disposition": "",
            "content_encoding": "",
            "content_language": "",
            "content_type": "binary/octet-stream",
            "etag": "7e0437ab463c81e2ba29df0ba32a0d5e",
            "force_destroy": false,
            "id": "assets/sass/layout/_header.scss",
            "key": "assets/sass/layout/_header.scss",
            "kms_key_id": null,
            "metadata": null,
            "object_lock_legal_hold_status": "",
            "object_lock_mode": "",
            "object_lock_retain_until_date": "",
            "server_side_encryption": "",
            "source": "folder/assets/sass/layout/_header.scss",
            "source_hash": null,
            "storage_class": "STANDARD",
            "tags": null,
            "tags_all": {},
            "version_id": "",
            "website_redirect": ""
          },
          "sensitive_attributes": [],
          "private": "bnVsbA==",
          "dependencies": [
            "aws_s3_bucket.infosys"
          ]
        },
        {
          "index_key": "assets/sass/layout/_main.scss",
          "schema_version": 0,
          "attributes": {
            "acl": "private",
            "bucket": "infosysbucket",
            "bucket_key_enabled": false,
            "cache_control": "",
            "content": null,
            "content_base64": null,
            "content_disposition": "",
            "content_encoding": "",
            "content_language": "",
            "content_type": "binary/octet-stream",
            "etag": "dd907ae6e30c83869f4969bbb3a2942f",
            "force_destroy": false,
            "id": "assets/sass/layout/_main.scss",
            "key": "assets/sass/layout/_main.scss",
            "kms_key_id": null,
            "metadata": null,
            "object_lock_legal_hold_status": "",
            "object_lock_mode": "",
            "object_lock_retain_until_date": "",
            "server_side_encryption": "",
            "source": "folder/assets/sass/layout/_main.scss",
            "source_hash": null,
            "storage_class": "STANDARD",
            "tags": null,
            "tags_all": {},
            "version_id": "",
            "website_redirect": ""
          },
          "sensitive_attributes": [],
          "private": "bnVsbA==",
          "dependencies": [
            "aws_s3_bucket.infosys"
          ]
        },
        {
          "index_key": "assets/sass/layout/_wrapper.scss",
          "schema_version": 0,
          "attributes": {
            "acl": "private",
            "bucket": "infosysbucket",
            "bucket_key_enabled": false,
            "cache_control": "",
            "content": null,
            "content_base64": null,
            "content_disposition": "",
            "content_encoding": "",
            "content_language": "",
            "content_type": "binary/octet-stream",
            "etag": "190d935bcd668970644a9648a45ad423",
            "force_destroy": false,
            "id": "assets/sass/layout/_wrapper.scss",
            "key": "assets/sass/layout/_wrapper.scss",
            "kms_key_id": null,
            "metadata": null,
            "object_lock_legal_hold_status": "",
            "object_lock_mode": "",
            "object_lock_retain_until_date": "",
            "server_side_encryption": "",
            "source": "folder/assets/sass/layout/_wrapper.scss",
            "source_hash": null,
            "storage_class": "STANDARD",
            "tags": null,
            "tags_all": {},
            "version_id": "",
            "website_redirect": ""
          },
          "sensitive_attributes": [],
          "private": "bnVsbA==",
          "dependencies": [
            "aws_s3_bucket.infosys"
          ]
        },
        {
          "index_key": "assets/sass/libs/_breakpoints.scss",
          "schema_version": 0,
          "attributes": {
            "acl": "private",
            "bucket": "infosysbucket",
            "bucket_key_enabled": false,
            "cache_control": "",
            "content": null,
            "content_base64": null,
            "content_disposition": "",
            "content_encoding": "",
            "content_language": "",
            "content_type": "binary/octet-stream",
            "etag": "db886dfed39cf8c9e0977d085f47ef3f",
            "force_destroy": false,
            "id": "assets/sass/libs/_breakpoints.scss",
            "key": "assets/sass/libs/_breakpoints.scss",
            "kms_key_id": null,
            "metadata": null,
            "object_lock_legal_hold_status": "",
            "object_lock_mode": "",
            "object_lock_retain_until_date": "",
            "server_side_encryption": "",
            "source": "folder/assets/sass/libs/_breakpoints.scss",
            "source_hash": null,
            "storage_class": "STANDARD",
            "tags": null,
            "tags_all": {},
            "version_id": "",
            "website_redirect": ""
          },
          "sensitive_attributes": [],
          "private": "bnVsbA==",
          "dependencies": [
            "aws_s3_bucket.infosys"
          ]
        },
        {
          "index_key": "assets/sass/libs/_functions.scss",
          "schema_version": 0,
          "attributes": {
            "acl": "private",
            "bucket": "infosysbucket",
            "bucket_key_enabled": false,
            "cache_control": "",
            "content": null,
            "content_base64": null,
            "content_disposition": "",
            "content_encoding": "",
            "content_language": "",
            "content_type": "binary/octet-stream",
            "etag": "5b10d6035b023556a0ae6627d2cde60c",
            "force_destroy": false,
            "id": "assets/sass/libs/_functions.scss",
            "key": "assets/sass/libs/_functions.scss",
            "kms_key_id": null,
            "metadata": null,
            "object_lock_legal_hold_status": "",
            "object_lock_mode": "",
            "object_lock_retain_until_date": "",
            "server_side_encryption": "",
            "source": "folder/assets/sass/libs/_functions.scss",
            "source_hash": null,
            "storage_class": "STANDARD",
            "tags": null,
            "tags_all": {},
            "version_id": "",
            "website_redirect": ""
          },
          "sensitive_attributes": [],
          "private": "bnVsbA==",
          "dependencies": [
            "aws_s3_bucket.infosys"
          ]
        },
        {
          "index_key": "assets/sass/libs/_mixins.scss",
          "schema_version": 0,
          "attributes": {
            "acl": "private",
            "bucket": "infosysbucket",
            "bucket_key_enabled": false,
            "cache_control": "",
            "content": null,
            "content_base64": null,
            "content_disposition": "",
            "content_encoding": "",
            "content_language": "",
            "content_type": "binary/octet-stream",
            "etag": "2363460b82d7e72cff263ff6e42c76ec",
            "force_destroy": false,
            "id": "assets/sass/libs/_mixins.scss",
            "key": "assets/sass/libs/_mixins.scss",
            "kms_key_id": null,
            "metadata": null,
            "object_lock_legal_hold_status": "",
            "object_lock_mode": "",
            "object_lock_retain_until_date": "",
            "server_side_encryption": "",
            "source": "folder/assets/sass/libs/_mixins.scss",
            "source_hash": null,
            "storage_class": "STANDARD",
            "tags": null,
            "tags_all": {},
            "version_id": "",
            "website_redirect": ""
          },
          "sensitive_attributes": [],
          "private": "bnVsbA==",
          "dependencies": [
            "aws_s3_bucket.infosys"
          ]
        },
        {
          "index_key": "assets/sass/libs/_vars.scss",
          "schema_version": 0,
          "attributes": {
            "acl": "private",
            "bucket": "infosysbucket",
            "bucket_key_enabled": false,
            "cache_control": "",
            "content": null,
            "content_base64": null,
            "content_disposition": "",
            "content_encoding": "",
            "content_language": "",
            "content_type": "binary/octet-stream",
            "etag": "201f32a6be273b5898fd11e814676cff",
            "force_destroy": false,
            "id": "assets/sass/libs/_vars.scss",
            "key": "assets/sass/libs/_vars.scss",
            "kms_key_id": null,
            "metadata": null,
            "object_lock_legal_hold_status": "",
            "object_lock_mode": "",
            "object_lock_retain_until_date": "",
            "server_side_encryption": "",
            "source": "folder/assets/sass/libs/_vars.scss",
            "source_hash": null,
            "storage_class": "STANDARD",
            "tags": null,
            "tags_all": {},
            "version_id": "",
            "website_redirect": ""
          },
          "sensitive_attributes": [],
          "private": "bnVsbA==",
          "dependencies": [
            "aws_s3_bucket.infosys"
          ]
        },
        {
          "index_key": "assets/sass/libs/_vendor.scss",
          "schema_version": 0,
          "attributes": {
            "acl": "private",
            "bucket": "infosysbucket",
            "bucket_key_enabled": false,
            "cache_control": "",
            "content": null,
            "content_base64": null,
            "content_disposition": "",
            "content_encoding": "",
            "content_language": "",
            "content_type": "binary/octet-stream",
            "etag": "4e76b8435fa3b4bd28633af3814bf147",
            "force_destroy": false,
            "id": "assets/sass/libs/_vendor.scss",
            "key": "assets/sass/libs/_vendor.scss",
            "kms_key_id": null,
            "metadata": null,
            "object_lock_legal_hold_status": "",
            "object_lock_mode": "",
            "object_lock_retain_until_date": "",
            "server_side_encryption": "",
            "source": "folder/assets/sass/libs/_vendor.scss",
            "source_hash": null,
            "storage_class": "STANDARD",
            "tags": null,
            "tags_all": {},
            "version_id": "",
            "website_redirect": ""
          },
          "sensitive_attributes": [],
          "private": "bnVsbA==",
          "dependencies": [
            "aws_s3_bucket.infosys"
          ]
        },
        {
          "index_key": "assets/sass/main.scss",
          "schema_version": 0,
          "attributes": {
            "acl": "private",
            "bucket": "infosysbucket",
            "bucket_key_enabled": false,
            "cache_control": "",
            "content": null,
            "content_base64": null,
            "content_disposition": "",
            "content_encoding": "",
            "content_language": "",
            "content_type": "binary/octet-stream",
            "etag": "1f5a6127a1f9f79c9872cbf121e5ae9a",
            "force_destroy": false,
            "id": "assets/sass/main.scss",
            "key": "assets/sass/main.scss",
            "kms_key_id": null,
            "metadata": null,
            "object_lock_legal_hold_status": "",
            "object_lock_mode": "",
            "object_lock_retain_until_date": "",
            "server_side_encryption": "",
            "source": "folder/assets/sass/main.scss",
            "source_hash": null,
            "storage_class": "STANDARD",
            "tags": null,
            "tags_all": {},
            "version_id": "",
            "website_redirect": ""
          },
          "sensitive_attributes": [],
          "private": "bnVsbA==",
          "dependencies": [
            "aws_s3_bucket.infosys"
          ]
        },
        {
          "index_key": "assets/sass/noscript.scss",
          "schema_version": 0,
          "attributes": {
            "acl": "private",
            "bucket": "infosysbucket",
            "bucket_key_enabled": false,
            "cache_control": "",
            "content": null,
            "content_base64": null,
            "content_disposition": "",
            "content_encoding": "",
            "content_language": "",
            "content_type": "binary/octet-stream",
            "etag": "696e039ec506ffc747399af9b3697da9",
            "force_destroy": false,
            "id": "assets/sass/noscript.scss",
            "key": "assets/sass/noscript.scss",
            "kms_key_id": null,
            "metadata": null,
            "object_lock_legal_hold_status": "",
            "object_lock_mode": "",
            "object_lock_retain_until_date": "",
            "server_side_encryption": "",
            "source": "folder/assets/sass/noscript.scss",
            "source_hash": null,
            "storage_class": "STANDARD",
            "tags": null,
            "tags_all": {},
            "version_id": "",
            "website_redirect": ""
          },
          "sensitive_attributes": [],
          "private": "bnVsbA==",
          "dependencies": [
            "aws_s3_bucket.infosys"
          ]
        },
        {
          "index_key": "assets/webfonts/fa-brands-400.eot",
          "schema_version": 0,
          "attributes": {
            "acl": "private",
            "bucket": "infosysbucket",
            "bucket_key_enabled": false,
            "cache_control": "",
            "content": null,
            "content_base64": null,
            "content_disposition": "",
            "content_encoding": "",
            "content_language": "",
            "content_type": "binary/octet-stream",
            "etag": "03783c5172ee1ad128c576bf88fac168",
            "force_destroy": false,
            "id": "assets/webfonts/fa-brands-400.eot",
            "key": "assets/webfonts/fa-brands-400.eot",
            "kms_key_id": null,
            "metadata": null,
            "object_lock_legal_hold_status": "",
            "object_lock_mode": "",
            "object_lock_retain_until_date": "",
            "server_side_encryption": "",
            "source": "folder/assets/webfonts/fa-brands-400.eot",
            "source_hash": null,
            "storage_class": "STANDARD",
            "tags": null,
            "tags_all": {},
            "version_id": "",
            "website_redirect": ""
          },
          "sensitive_attributes": [],
          "private": "bnVsbA==",
          "dependencies": [
            "aws_s3_bucket.infosys"
          ]
        },
        {
          "index_key": "assets/webfonts/fa-brands-400.svg",
          "schema_version": 0,
          "attributes": {
            "acl": "private",
            "bucket": "infosysbucket",
            "bucket_key_enabled": false,
            "cache_control": "",
            "content": null,
            "content_base64": null,
            "content_disposition": "",
            "content_encoding": "",
            "content_language": "",
            "content_type": "binary/octet-stream",
            "etag": "d1f95353a09c7afd544e9ae2bc8f5af7",
            "force_destroy": false,
            "id": "assets/webfonts/fa-brands-400.svg",
            "key": "assets/webfonts/fa-brands-400.svg",
            "kms_key_id": null,
            "metadata": null,
            "object_lock_legal_hold_status": "",
            "object_lock_mode": "",
            "object_lock_retain_until_date": "",
            "server_side_encryption": "",
            "source": "folder/assets/webfonts/fa-brands-400.svg",
            "source_hash": null,
            "storage_class": "STANDARD",
            "tags": null,
            "tags_all": {},
            "version_id": "",
            "website_redirect": ""
          },
          "sensitive_attributes": [],
          "private": "bnVsbA==",
          "dependencies": [
            "aws_s3_bucket.infosys"
          ]
        },
        {
          "index_key": "assets/webfonts/fa-brands-400.ttf",
          "schema_version": 0,
          "attributes": {
            "acl": "private",
            "bucket": "infosysbucket",
            "bucket_key_enabled": false,
            "cache_control": "",
            "content": null,
            "content_base64": null,
            "content_disposition": "",
            "content_encoding": "",
            "content_language": "",
            "content_type": "binary/octet-stream",
            "etag": "ed2b8bf117160466ba6220a8f1da54a4",
            "force_destroy": false,
            "id": "assets/webfonts/fa-brands-400.ttf",
            "key": "assets/webfonts/fa-brands-400.ttf",
            "kms_key_id": null,
            "metadata": null,
            "object_lock_legal_hold_status": "",
            "object_lock_mode": "",
            "object_lock_retain_until_date": "",
            "server_side_encryption": "",
            "source": "folder/assets/webfonts/fa-brands-400.ttf",
            "source_hash": null,
            "storage_class": "STANDARD",
            "tags": null,
            "tags_all": {},
            "version_id": "",
            "website_redirect": ""
          },
          "sensitive_attributes": [],
          "private": "bnVsbA==",
          "dependencies": [
            "aws_s3_bucket.infosys"
          ]
        },
        {
          "index_key": "assets/webfonts/fa-brands-400.woff",
          "schema_version": 0,
          "attributes": {
            "acl": "private",
            "bucket": "infosysbucket",
            "bucket_key_enabled": false,
            "cache_control": "",
            "content": null,
            "content_base64": null,
            "content_disposition": "",
            "content_encoding": "",
            "content_language": "",
            "content_type": "binary/octet-stream",
            "etag": "fe9d62e0d16a333a20e63c3e7595f82e",
            "force_destroy": false,
            "id": "assets/webfonts/fa-brands-400.woff",
            "key": "assets/webfonts/fa-brands-400.woff",
            "kms_key_id": null,
            "metadata": null,
            "object_lock_legal_hold_status": "",
            "object_lock_mode": "",
            "object_lock_retain_until_date": "",
            "server_side_encryption": "",
            "source": "folder/assets/webfonts/fa-brands-400.woff",
            "source_hash": null,
            "storage_class": "STANDARD",
            "tags": null,
            "tags_all": {},
            "version_id": "",
            "website_redirect": ""
          },
          "sensitive_attributes": [],
          "private": "bnVsbA==",
          "dependencies": [
            "aws_s3_bucket.infosys"
          ]
        },
        {
          "index_key": "assets/webfonts/fa-brands-400.woff2",
          "schema_version": 0,
          "attributes": {
            "acl": "private",
            "bucket": "infosysbucket",
            "bucket_key_enabled": false,
            "cache_control": "",
            "content": null,
            "content_base64": null,
            "content_disposition": "",
            "content_encoding": "",
            "content_language": "",
            "content_type": "binary/octet-stream",
            "etag": "7559b3774a0625e8ca6c0160f8f6cfd8",
            "force_destroy": false,
            "id": "assets/webfonts/fa-brands-400.woff2",
            "key": "assets/webfonts/fa-brands-400.woff2",
            "kms_key_id": null,
            "metadata": null,
            "object_lock_legal_hold_status": "",
            "object_lock_mode": "",
            "object_lock_retain_until_date": "",
            "server_side_encryption": "",
            "source": "folder/assets/webfonts/fa-brands-400.woff2",
            "source_hash": null,
            "storage_class": "STANDARD",
            "tags": null,
            "tags_all": {},
            "version_id": "",
            "website_redirect": ""
          },
          "sensitive_attributes": [],
          "private": "bnVsbA==",
          "dependencies": [
            "aws_s3_bucket.infosys"
          ]
        },
        {
          "index_key": "assets/webfonts/fa-regular-400.eot",
          "schema_version": 0,
          "attributes": {
            "acl": "private",
            "bucket": "infosysbucket",
            "bucket_key_enabled": false,
            "cache_control": "",
            "content": null,
            "content_base64": null,
            "content_disposition": "",
            "content_encoding": "",
            "content_language": "",
            "content_type": "binary/octet-stream",
            "etag": "fc9c63c8224fb341fc933641cbdd12ef",
            "force_destroy": false,
            "id": "assets/webfonts/fa-regular-400.eot",
            "key": "assets/webfonts/fa-regular-400.eot",
            "kms_key_id": null,
            "metadata": null,
            "object_lock_legal_hold_status": "",
            "object_lock_mode": "",
            "object_lock_retain_until_date": "",
            "server_side_encryption": "",
            "source": "folder/assets/webfonts/fa-regular-400.eot",
            "source_hash": null,
            "storage_class": "STANDARD",
            "tags": null,
            "tags_all": {},
            "version_id": "",
            "website_redirect": ""
          },
          "sensitive_attributes": [],
          "private": "bnVsbA==",
          "dependencies": [
            "aws_s3_bucket.infosys"
          ]
        },
        {
          "index_key": "assets/webfonts/fa-regular-400.svg",
          "schema_version": 0,
          "attributes": {
            "acl": "private",
            "bucket": "infosysbucket",
            "bucket_key_enabled": false,
            "cache_control": "",
            "content": null,
            "content_base64": null,
            "content_disposition": "",
            "content_encoding": "",
            "content_language": "",
            "content_type": "binary/octet-stream",
            "etag": "6c6a5fad8ed5136b92d0ead30b2328d3",
            "force_destroy": false,
            "id": "assets/webfonts/fa-regular-400.svg",
            "key": "assets/webfonts/fa-regular-400.svg",
            "kms_key_id": null,
            "metadata": null,
            "object_lock_legal_hold_status": "",
            "object_lock_mode": "",
            "object_lock_retain_until_date": "",
            "server_side_encryption": "",
            "source": "folder/assets/webfonts/fa-regular-400.svg",
            "source_hash": null,
            "storage_class": "STANDARD",
            "tags": null,
            "tags_all": {},
            "version_id": "",
            "website_redirect": ""
          },
          "sensitive_attributes": [],
          "private": "bnVsbA==",
          "dependencies": [
            "aws_s3_bucket.infosys"
          ]
        },
        {
          "index_key": "assets/webfonts/fa-regular-400.ttf",
          "schema_version": 0,
          "attributes": {
            "acl": "private",
            "bucket": "infosysbucket",
            "bucket_key_enabled": false,
            "cache_control": "",
            "content": null,
            "content_base64": null,
            "content_disposition": "",
            "content_encoding": "",
            "content_language": "",
            "content_type": "binary/octet-stream",
            "etag": "59215032a4397507b80e5625dc323de3",
            "force_destroy": false,
            "id": "assets/webfonts/fa-regular-400.ttf",
            "key": "assets/webfonts/fa-regular-400.ttf",
            "kms_key_id": null,
            "metadata": null,
            "object_lock_legal_hold_status": "",
            "object_lock_mode": "",
            "object_lock_retain_until_date": "",
            "server_side_encryption": "",
            "source": "folder/assets/webfonts/fa-regular-400.ttf",
            "source_hash": null,
            "storage_class": "STANDARD",
            "tags": null,
            "tags_all": {},
            "version_id": "",
            "website_redirect": ""
          },
          "sensitive_attributes": [],
          "private": "bnVsbA==",
          "dependencies": [
            "aws_s3_bucket.infosys"
          ]
        },
        {
          "index_key": "assets/webfonts/fa-regular-400.woff",
          "schema_version": 0,
          "attributes": {
            "acl": "private",
            "bucket": "infosysbucket",
            "bucket_key_enabled": false,
            "cache_control": "",
            "content": null,
            "content_base64": null,
            "content_disposition": "",
            "content_encoding": "",
            "content_language": "",
            "content_type": "binary/octet-stream",
            "etag": "e5770f9863963fb576942e25214a226d",
            "force_destroy": false,
            "id": "assets/webfonts/fa-regular-400.woff",
            "key": "assets/webfonts/fa-regular-400.woff",
            "kms_key_id": null,
            "metadata": null,
            "object_lock_legal_hold_status": "",
            "object_lock_mode": "",
            "object_lock_retain_until_date": "",
            "server_side_encryption": "",
            "source": "folder/assets/webfonts/fa-regular-400.woff",
            "source_hash": null,
            "storage_class": "STANDARD",
            "tags": null,
            "tags_all": {},
            "version_id": "",
            "website_redirect": ""
          },
          "sensitive_attributes": [],
          "private": "bnVsbA==",
          "dependencies": [
            "aws_s3_bucket.infosys"
          ]
        },
        {
          "index_key": "assets/webfonts/fa-regular-400.woff2",
          "schema_version": 0,
          "attributes": {
            "acl": "private",
            "bucket": "infosysbucket",
            "bucket_key_enabled": false,
            "cache_control": "",
            "content": null,
            "content_base64": null,
            "content_disposition": "",
            "content_encoding": "",
            "content_language": "",
            "content_type": "binary/octet-stream",
            "etag": "e07d9e40b26048d9abe2ef966cd6e263",
            "force_destroy": false,
            "id": "assets/webfonts/fa-regular-400.woff2",
            "key": "assets/webfonts/fa-regular-400.woff2",
            "kms_key_id": null,
            "metadata": null,
            "object_lock_legal_hold_status": "",
            "object_lock_mode": "",
            "object_lock_retain_until_date": "",
            "server_side_encryption": "",
            "source": "folder/assets/webfonts/fa-regular-400.woff2",
            "source_hash": null,
            "storage_class": "STANDARD",
            "tags": null,
            "tags_all": {},
            "version_id": "",
            "website_redirect": ""
          },
          "sensitive_attributes": [],
          "private": "bnVsbA==",
          "dependencies": [
            "aws_s3_bucket.infosys"
          ]
        },
        {
          "index_key": "assets/webfonts/fa-solid-900.eot",
          "schema_version": 0,
          "attributes": {
            "acl": "private",
            "bucket": "infosysbucket",
            "bucket_key_enabled": false,
            "cache_control": "",
            "content": null,
            "content_base64": null,
            "content_disposition": "",
            "content_encoding": "",
            "content_language": "",
            "content_type": "binary/octet-stream",
            "etag": "ef3df98419d143d9617fe163bf4edc0b",
            "force_destroy": false,
            "id": "assets/webfonts/fa-solid-900.eot",
            "key": "assets/webfonts/fa-solid-900.eot",
            "kms_key_id": null,
            "metadata": null,
            "object_lock_legal_hold_status": "",
            "object_lock_mode": "",
            "object_lock_retain_until_date": "",
            "server_side_encryption": "",
            "source": "folder/assets/webfonts/fa-solid-900.eot",
            "source_hash": null,
            "storage_class": "STANDARD",
            "tags": null,
            "tags_all": {},
            "version_id": "",
            "website_redirect": ""
          },
          "sensitive_attributes": [],
          "private": "bnVsbA==",
          "dependencies": [
            "aws_s3_bucket.infosys"
          ]
        },
        {
          "index_key": "assets/webfonts/fa-solid-900.svg",
          "schema_version": 0,
          "attributes": {
            "acl": "private",
            "bucket": "infosysbucket",
            "bucket_key_enabled": false,
            "cache_control": "",
            "content": null,
            "content_base64": null,
            "content_disposition": "",
            "content_encoding": "",
            "content_language": "",
            "content_type": "binary/octet-stream",
            "etag": "0ffddc07ec1115efbe1833a0023a711e",
            "force_destroy": false,
            "id": "assets/webfonts/fa-solid-900.svg",
            "key": "assets/webfonts/fa-solid-900.svg",
            "kms_key_id": null,
            "metadata": null,
            "object_lock_legal_hold_status": "",
            "object_lock_mode": "",
            "object_lock_retain_until_date": "",
            "server_side_encryption": "",
            "source": "folder/assets/webfonts/fa-solid-900.svg",
            "source_hash": null,
            "storage_class": "STANDARD",
            "tags": null,
            "tags_all": {},
            "version_id": "",
            "website_redirect": ""
          },
          "sensitive_attributes": [],
          "private": "bnVsbA==",
          "dependencies": [
            "aws_s3_bucket.infosys"
          ]
        },
        {
          "index_key": "assets/webfonts/fa-solid-900.ttf",
          "schema_version": 0,
          "attributes": {
            "acl": "private",
            "bucket": "infosysbucket",
            "bucket_key_enabled": false,
            "cache_control": "",
            "content": null,
            "content_base64": null,
            "content_disposition": "",
            "content_encoding": "",
            "content_language": "",
            "content_type": "binary/octet-stream",
            "etag": "acf50f59802f20d8b45220eaae532a1c",
            "force_destroy": false,
            "id": "assets/webfonts/fa-solid-900.ttf",
            "key": "assets/webfonts/fa-solid-900.ttf",
            "kms_key_id": null,
            "metadata": null,
            "object_lock_legal_hold_status": "",
            "object_lock_mode": "",
            "object_lock_retain_until_date": "",
            "server_side_encryption": "",
            "source": "folder/assets/webfonts/fa-solid-900.ttf",
            "source_hash": null,
            "storage_class": "STANDARD",
            "tags": null,
            "tags_all": {},
            "version_id": "",
            "website_redirect": ""
          },
          "sensitive_attributes": [],
          "private": "bnVsbA==",
          "dependencies": [
            "aws_s3_bucket.infosys"
          ]
        },
        {
          "index_key": "assets/webfonts/fa-solid-900.woff",
          "schema_version": 0,
          "attributes": {
            "acl": "private",
            "bucket": "infosysbucket",
            "bucket_key_enabled": false,
            "cache_control": "",
            "content": null,
            "content_base64": null,
            "content_disposition": "",
            "content_encoding": "",
            "content_language": "",
            "content_type": "binary/octet-stream",
            "etag": "4bced7c4c0d61d4f988629bb8ae80b8b",
            "force_destroy": false,
            "id": "assets/webfonts/fa-solid-900.woff",
            "key": "assets/webfonts/fa-solid-900.woff",
            "kms_key_id": null,
            "metadata": null,
            "object_lock_legal_hold_status": "",
            "object_lock_mode": "",
            "object_lock_retain_until_date": "",
            "server_side_encryption": "",
            "source": "folder/assets/webfonts/fa-solid-900.woff",
            "source_hash": null,
            "storage_class": "STANDARD",
            "tags": null,
            "tags_all": {},
            "version_id": "",
            "website_redirect": ""
          },
          "sensitive_attributes": [],
          "private": "bnVsbA==",
          "dependencies": [
            "aws_s3_bucket.infosys"
          ]
        },
        {
          "index_key": "assets/webfonts/fa-solid-900.woff2",
          "schema_version": 0,
          "attributes": {
            "acl": "private",
            "bucket": "infosysbucket",
            "bucket_key_enabled": false,
            "cache_control": "",
            "content": null,
            "content_base64": null,
            "content_disposition": "",
            "content_encoding": "",
            "content_language": "",
            "content_type": "binary/octet-stream",
            "etag": "b5cf8ae26748570d8fb95a47f46b69e1",
            "force_destroy": false,
            "id": "assets/webfonts/fa-solid-900.woff2",
            "key": "assets/webfonts/fa-solid-900.woff2",
            "kms_key_id": null,
            "metadata": null,
            "object_lock_legal_hold_status": "",
            "object_lock_mode": "",
            "object_lock_retain_until_date": "",
            "server_side_encryption": "",
            "source": "folder/assets/webfonts/fa-solid-900.woff2",
            "source_hash": null,
            "storage_class": "STANDARD",
            "tags": null,
            "tags_all": {},
            "version_id": "",
            "website_redirect": ""
          },
          "sensitive_attributes": [],
          "private": "bnVsbA==",
          "dependencies": [
            "aws_s3_bucket.infosys"
          ]
        },
        {
          "index_key": "file.py",
          "schema_version": 0,
          "attributes": {
            "acl": "private",
            "bucket": "infosysbucket",
            "bucket_key_enabled": false,
            "cache_control": "",
            "content": null,
            "content_base64": null,
            "content_disposition": "",
            "content_encoding": "",
            "content_language": "",
            "content_type": "binary/octet-stream",
            "etag": "847a08572c8bb020662d1a2b391b4277",
            "force_destroy": false,
            "id": "file.py",
            "key": "file.py",
            "kms_key_id": null,
            "metadata": null,
            "object_lock_legal_hold_status": "",
            "object_lock_mode": "",
            "object_lock_retain_until_date": "",
            "server_side_encryption": "",
            "source": "folder/file.py",
            "source_hash": null,
            "storage_class": "STANDARD",
            "tags": null,
            "tags_all": {},
            "version_id": "",
            "website_redirect": ""
          },
          "sensitive_attributes": [],
          "private": "bnVsbA==",
          "dependencies": [
            "aws_s3_bucket.infosys"
          ]
        },
        {
          "index_key": "images/bg.jpg",
          "schema_version": 0,
          "attributes": {
            "acl": "private",
            "bucket": "infosysbucket",
            "bucket_key_enabled": false,
            "cache_control": "",
            "content": null,
            "content_base64": null,
            "content_disposition": "",
            "content_encoding": "",
            "content_language": "",
            "content_type": "binary/octet-stream",
            "etag": "336ebad2792632505e3b0037adeeeba2",
            "force_destroy": false,
            "id": "images/bg.jpg",
            "key": "images/bg.jpg",
            "kms_key_id": null,
            "metadata": null,
            "object_lock_legal_hold_status": "",
            "object_lock_mode": "",
            "object_lock_retain_until_date": "",
            "server_side_encryption": "",
            "source": "folder/images/bg.jpg",
            "source_hash": null,
            "storage_class": "STANDARD",
            "tags": null,
            "tags_all": {},
            "version_id": "",
            "website_redirect": ""
          },
          "sensitive_attributes": [],
          "private": "bnVsbA==",
          "dependencies": [
            "aws_s3_bucket.infosys"
          ]
        },
        {
          "index_key": "images/overlay.png",
          "schema_version": 0,
          "attributes": {
            "acl": "private",
            "bucket": "infosysbucket",
            "bucket_key_enabled": false,
            "cache_control": "",
            "content": null,
            "content_base64": null,
            "content_disposition": "",
            "content_encoding": "",
            "content_language": "",
            "content_type": "binary/octet-stream",
            "etag": "c2d2f4d92c31072bb430e0ed0a609294",
            "force_destroy": false,
            "id": "images/overlay.png",
            "key": "images/overlay.png",
            "kms_key_id": null,
            "metadata": null,
            "object_lock_legal_hold_status": "",
            "object_lock_mode": "",
            "object_lock_retain_until_date": "",
            "server_side_encryption": "",
            "source": "folder/images/overlay.png",
            "source_hash": null,
            "storage_class": "STANDARD",
            "tags": null,
            "tags_all": {},
            "version_id": "",
            "website_redirect": ""
          },
          "sensitive_attributes": [],
          "private": "bnVsbA==",
          "dependencies": [
            "aws_s3_bucket.infosys"
          ]
        },
        {
          "index_key": "images/pic01.jpg",
          "schema_version": 0,
          "attributes": {
            "acl": "private",
            "bucket": "infosysbucket",
            "bucket_key_enabled": false,
            "cache_control": "",
            "content": null,
            "content_base64": null,
            "content_disposition": "",
            "content_encoding": "",
            "content_language": "",
            "content_type": "binary/octet-stream",
            "etag": "55e1797fd15a7113b2be5a8fc1363d93",
            "force_destroy": false,
            "id": "images/pic01.jpg",
            "key": "images/pic01.jpg",
            "kms_key_id": null,
            "metadata": null,
            "object_lock_legal_hold_status": "",
            "object_lock_mode": "",
            "object_lock_retain_until_date": "",
            "server_side_encryption": "",
            "source": "folder/images/pic01.jpg",
            "source_hash": null,
            "storage_class": "STANDARD",
            "tags": null,
            "tags_all": {},
            "version_id": "",
            "website_redirect": ""
          },
          "sensitive_attributes": [],
          "private": "bnVsbA==",
          "dependencies": [
            "aws_s3_bucket.infosys"
          ]
        },
        {
          "index_key": "images/pic02.jpg",
          "schema_version": 0,
          "attributes": {
            "acl": "private",
            "bucket": "infosysbucket",
            "bucket_key_enabled": false,
            "cache_control": "",
            "content": null,
            "content_base64": null,
            "content_disposition": "",
            "content_encoding": "",
            "content_language": "",
            "content_type": "binary/octet-stream",
            "etag": "4528ad9f4ac47247d0e81d536ab02791",
            "force_destroy": false,
            "id": "images/pic02.jpg",
            "key": "images/pic02.jpg",
            "kms_key_id": null,
            "metadata": null,
            "object_lock_legal_hold_status": "",
            "object_lock_mode": "",
            "object_lock_retain_until_date": "",
            "server_side_encryption": "",
            "source": "folder/images/pic02.jpg",
            "source_hash": null,
            "storage_class": "STANDARD",
            "tags": null,
            "tags_all": {},
            "version_id": "",
            "website_redirect": ""
          },
          "sensitive_attributes": [],
          "private": "bnVsbA==",
          "dependencies": [
            "aws_s3_bucket.infosys"
          ]
        },
        {
          "index_key": "images/pic03.jpg",
          "schema_version": 0,
          "attributes": {
            "acl": "private",
            "bucket": "infosysbucket",
            "bucket_key_enabled": false,
            "cache_control": "",
            "content": null,
            "content_base64": null,
            "content_disposition": "",
            "content_encoding": "",
            "content_language": "",
            "content_type": "binary/octet-stream",
            "etag": "d537afae25e1f5de2071ec39e6956980",
            "force_destroy": false,
            "id": "images/pic03.jpg",
            "key": "images/pic03.jpg",
            "kms_key_id": null,
            "metadata": null,
            "object_lock_legal_hold_status": "",
            "object_lock_mode": "",
            "object_lock_retain_until_date": "",
            "server_side_encryption": "",
            "source": "folder/images/pic03.jpg",
            "source_hash": null,
            "storage_class": "STANDARD",
            "tags": null,
            "tags_all": {},
            "version_id": "",
            "website_redirect": ""
          },
          "sensitive_attributes": [],
          "private": "bnVsbA==",
          "dependencies": [
            "aws_s3_bucket.infosys"
          ]
        },
        {
          "index_key": "index.html",
          "schema_version": 0,
          "attributes": {
            "acl": "private",
            "bucket": "infosysbucket",
            "bucket_key_enabled": false,
            "cache_control": "",
            "content": null,
            "content_base64": null,
            "content_disposition": "",
            "content_encoding": "",
            "content_language": "",
            "content_type": "binary/octet-stream",
            "etag": "9bed0f83c19e2e093369786e34cd9a9b",
            "force_destroy": false,
            "id": "index.html",
            "key": "index.html",
            "kms_key_id": null,
            "metadata": null,
            "object_lock_legal_hold_status": "",
            "object_lock_mode": "",
            "object_lock_retain_until_date": "",
            "server_side_encryption": "",
            "source": "folder/index.html",
            "source_hash": null,
            "storage_class": "STANDARD",
            "tags": null,
            "tags_all": {},
            "version_id": "",
            "website_redirect": ""
          },
          "sensitive_attributes": [],
          "private": "bnVsbA==",
          "dependencies": [
            "aws_s3_bucket.infosys"
          ]
        }
      ]
    }
  ]
}
